
Microsoft Visual Studio Solution File, Format Version 12.00
# Visual Studio Version 17
VisualStudioVersion = 17.1.32210.238
MinimumVisualStudioVersion = 10.0.40219.1
Project("{FAE04EC0-301F-11D3-BF4B-00C04F79EFBC}") = "BrideShop", "BrideShop\BrideShop.csproj", "{CE4E6016-3A7F-418D-B7E1-78DDDA3D9483}"
EndProject
Global
	GlobalSection(SolutionConfigurationPlatforms) = preSolution
		Debug|Any CPU = Debug|Any CPU
		Release|Any CPU = Release|Any CPU
	EndGlobalSection
	GlobalSection(ProjectConfigurationPlatforms) = postSolution
		{CE4E6016-3A7F-418D-B7E1-78DDDA3D9483}.Debug|Any CPU.ActiveCfg = Debug|Any CPU
		{CE4E6016-3A7F-418D-B7E1-78DDDA3D9483}.Debug|Any CPU.Build.0 = Debug|Any CPU
		{CE4E6016-3A7F-418D-B7E1-78DDDA3D9483}.Release|Any CPU.ActiveCfg = Release|Any CPU
		{CE4E6016-3A7F-418D-B7E1-78DDDA3D9483}.Release|Any CPU.Build.0 = Release|Any CPU
	EndGlobalSection
	GlobalSection(SolutionProperties) = preSolution
		HideSolutionNode = FALSE
	EndGlobalSection
	GlobalSection(ExtensibilityGlobals) = postSolution
		SolutionGuid = {23BE169F-A9DC-41A1-A197-862594B9AD08}
	EndGlobalSection
EndGlobal
